{
  "name": "event-loop",
  "version": "1.0.0",
  "lockfileVersion": 1,
  "requires": true,
  "dependencies": {
    "async-listener": {
      "version": "0.5.8",
      "resolved": "https://registry.npmjs.org/async-listener/-/async-listener-0.5.8.tgz",
      "integrity": "sha1-J6x4uyye0Z2wiHxR2PeFXmJTFvo=",
      "requires": {
        "shimmer": "1.0.0"
      }
    },
    "max-safe-integer": {
      "version": "1.0.1",
      "resolved": "https://registry.npmjs.org/max-safe-integer/-/max-safe-integer-1.0.1.tgz",
      "integrity": "sha1-84BgvixWPYwC5tSK85Ei/YO29BA="
    },
    "shimmer": {
      "version": "1.0.0",
      "resolved": "https://registry.npmjs.org/shimmer/-/shimmer-1.0.0.tgz",
      "integrity": "sha1-ScLXHGeDYLgCvhiyeDgtHLuAXDk="
    },
    "tick-id": {
      "version": "1.0.2",
      "resolved": "https://registry.npmjs.org/tick-id/-/tick-id-1.0.2.tgz",
      "integrity": "sha1-ZgV8XWIg9ppyQ2z6V6TY3+FPcUs=",
      "requires": {
        "async-listener": "^0.5.6",
        "max-safe-integer": "^1.0.0"
      }
    }
  }
}
